
Microsoft Visual Studio Solution File, Format Version 12.00
# Visual Studio Version 16
VisualStudioVersion = 16.0.30413.136
MinimumVisualStudioVersion = 10.0.40219.1
Project("{9A19103F-16F7-4668-BE54-9A1E7A4F7556}") = "modulo2_OOP_1", "modulo2_OOP_1\modulo2_OOP_1.csproj", "{8C5D4D0A-46FA-476F-87E0-5436459A35DB}"
EndProject
Project("{9A19103F-16F7-4668-BE54-9A1E7A4F7556}") = "modulo2_OOP_2", "modulo2_OOP_2\modulo2_OOP_2.csproj", "{95C58EBC-B17F-41D1-9AEA-853C84359E69}"
EndProject
Project("{9A19103F-16F7-4668-BE54-9A1E7A4F7556}") = "modulo2_OOP_3", "modulo2_OOP_3\modulo2_OOP_3.csproj", "{C19DE501-85A7-4044-B8D3-3F304CF693B1}"
EndProject
Project("{FAE04EC0-301F-11D3-BF4B-00C04F79EFBC}") = "ModuloCalculadora", "ModuloCalculadora\ModuloCalculadora.csproj", "{9FB168CB-7B63-47EB-9A37-F3407388DEE2}"
EndProject
Project("{9A19103F-16F7-4668-BE54-9A1E7A4F7556}") = "CalculadoraConsole", "CalculadoraConsole\CalculadoraConsole.csproj", "{B2747CDF-9675-4C7F-80BF-C8CC07F88FCD}"
EndProject
Project("{FAE04EC0-301F-11D3-BF4B-00C04F79EFBC}") = "SimplePaint", "SimplePaint\SimplePaint.csproj", "{1DD12827-2C54-4AB4-B6BD-503D125AB741}"
EndProject
Global
	GlobalSection(SolutionConfigurationPlatforms) = preSolution
		Debug|Any CPU = Debug|Any CPU
		Release|Any CPU = Release|Any CPU
	EndGlobalSection
	GlobalSection(ProjectConfigurationPlatforms) = postSolution
		{8C5D4D0A-46FA-476F-87E0-5436459A35DB}.Debug|Any CPU.ActiveCfg = Debug|Any CPU
		{8C5D4D0A-46FA-476F-87E0-5436459A35DB}.Debug|Any CPU.Build.0 = Debug|Any CPU
		{8C5D4D0A-46FA-476F-87E0-5436459A35DB}.Release|Any CPU.ActiveCfg = Release|Any CPU
		{8C5D4D0A-46FA-476F-87E0-5436459A35DB}.Release|Any CPU.Build.0 = Release|Any CPU
		{95C58EBC-B17F-41D1-9AEA-853C84359E69}.Debug|Any CPU.ActiveCfg = Debug|Any CPU
		{95C58EBC-B17F-41D1-9AEA-853C84359E69}.Debug|Any CPU.Build.0 = Debug|Any CPU
		{95C58EBC-B17F-41D1-9AEA-853C84359E69}.Release|Any CPU.ActiveCfg = Release|Any CPU
		{95C58EBC-B17F-41D1-9AEA-853C84359E69}.Release|Any CPU.Build.0 = Release|Any CPU
		{C19DE501-85A7-4044-B8D3-3F304CF693B1}.Debug|Any CPU.ActiveCfg = Debug|Any CPU
		{C19DE501-85A7-4044-B8D3-3F304CF693B1}.Debug|Any CPU.Build.0 = Debug|Any CPU
		{C19DE501-85A7-4044-B8D3-3F304CF693B1}.Release|Any CPU.ActiveCfg = Release|Any CPU
		{C19DE501-85A7-4044-B8D3-3F304CF693B1}.Release|Any CPU.Build.0 = Release|Any CPU
		{9FB168CB-7B63-47EB-9A37-F3407388DEE2}.Debug|Any CPU.ActiveCfg = Debug|Any CPU
		{9FB168CB-7B63-47EB-9A37-F3407388DEE2}.Debug|Any CPU.Build.0 = Debug|Any CPU
		{9FB168CB-7B63-47EB-9A37-F3407388DEE2}.Release|Any CPU.ActiveCfg = Release|Any CPU
		{9FB168CB-7B63-47EB-9A37-F3407388DEE2}.Release|Any CPU.Build.0 = Release|Any CPU
		{B2747CDF-9675-4C7F-80BF-C8CC07F88FCD}.Debug|Any CPU.ActiveCfg = Debug|Any CPU
		{B2747CDF-9675-4C7F-80BF-C8CC07F88FCD}.Debug|Any CPU.Build.0 = Debug|Any CPU
		{B2747CDF-9675-4C7F-80BF-C8CC07F88FCD}.Release|Any CPU.ActiveCfg = Release|Any CPU
		{B2747CDF-9675-4C7F-80BF-C8CC07F88FCD}.Release|Any CPU.Build.0 = Release|Any CPU
		{1DD12827-2C54-4AB4-B6BD-503D125AB741}.Debug|Any CPU.ActiveCfg = Debug|Any CPU
		{1DD12827-2C54-4AB4-B6BD-503D125AB741}.Debug|Any CPU.Build.0 = Debug|Any CPU
		{1DD12827-2C54-4AB4-B6BD-503D125AB741}.Release|Any CPU.ActiveCfg = Release|Any CPU
		{1DD12827-2C54-4AB4-B6BD-503D125AB741}.Release|Any CPU.Build.0 = Release|Any CPU
	EndGlobalSection
	GlobalSection(SolutionProperties) = preSolution
		HideSolutionNode = FALSE
	EndGlobalSection
	GlobalSection(ExtensibilityGlobals) = postSolution
		SolutionGuid = {CA53CD63-97AC-42C2-BA73-044D0539991E}
	EndGlobalSection
EndGlobal
